
Microsoft Visual Studio Solution File, Format Version 12.00
# Visual Studio Version 16
VisualStudioVersion = 16.0.31410.357
MinimumVisualStudioVersion = 10.0.40219.1
Project("{00D1A9C2-B5F0-4AF3-8072-F6C62B433612}") = "MoneyManager.Database", "MoneyManager.Database\MoneyManager.Database.sqlproj", "{B0010DF9-04BD-46E8-B0AC-6C6ED08303A0}"
EndProject
Project("{2150E333-8FDC-42A3-9474-1A3956D46DE8}") = "00 Database", "00 Database", "{C375A31F-3BF3-434B-925C-5FD1D48D0406}"
EndProject
Project("{2150E333-8FDC-42A3-9474-1A3956D46DE8}") = "01 MVC", "01 MVC", "{C1E33E71-F23B-42DE-AE00-B9DFE1668088}"
EndProject
Project("{2150E333-8FDC-42A3-9474-1A3956D46DE8}") = "Models", "Models", "{89595F3D-F11A-486F-AFF4-7E89E2A3ACD0}"
EndProject
Project("{2150E333-8FDC-42A3-9474-1A3956D46DE8}") = "Client", "Client", "{493DCEBE-1A94-4717-8A8D-45352307AEC3}"
EndProject
Project("{FAE04EC0-301F-11D3-BF4B-00C04F79EFBC}") = "Models.Client", "Models.Client\Models.Client.csproj", "{0D11C4B9-9BCA-4BEB-8B59-D81DC5E2B4FB}"
EndProject
Project("{2150E333-8FDC-42A3-9474-1A3956D46DE8}") = "Global", "Global", "{5D1D55BA-4ED1-4A02-AF2D-E4FA188D0D72}"
EndProject
Project("{FAE04EC0-301F-11D3-BF4B-00C04F79EFBC}") = "Models.Global", "Models.Global\Models.Global.csproj", "{1AB3847C-746B-4567-99D3-E4F2A1B6770C}"
EndProject
Project("{FAE04EC0-301F-11D3-BF4B-00C04F79EFBC}") = "MoneyManager.Website", "MoneyManager.Website\MoneyManager.Website.csproj", "{7C0CFB32-B483-468F-B5A4-F004DC1B112B}"
EndProject
Project("{2150E333-8FDC-42A3-9474-1A3956D46DE8}") = "02 API", "02 API", "{6D39FDBB-3665-42D5-922C-0A13937FA75D}"
EndProject
Project("{2150E333-8FDC-42A3-9474-1A3956D46DE8}") = "Models", "Models", "{C360ADC4-44FA-4DAC-990F-1A9944B21CB5}"
EndProject
Project("{2150E333-8FDC-42A3-9474-1A3956D46DE8}") = "Client", "Client", "{EA01E495-C038-495D-9E69-A7EF22FFA8F8}"
EndProject
Project("{2150E333-8FDC-42A3-9474-1A3956D46DE8}") = "Global", "Global", "{8AA9C5FE-48DE-46E5-838C-EFB49F3EA554}"
EndProject
Project("{FAE04EC0-301F-11D3-BF4B-00C04F79EFBC}") = "ModelsAPI.Client", "ModelsAPI.Client\ModelsAPI.Client.csproj", "{D545C781-AE29-44A7-BE5A-6235FB9F441E}"
EndProject
Project("{FAE04EC0-301F-11D3-BF4B-00C04F79EFBC}") = "ModelsAPI.Global", "ModelsAPI.Global\ModelsAPI.Global.csproj", "{582E53A1-79B2-4BDF-878D-DCA75BFE4297}"
EndProject
Project("{FAE04EC0-301F-11D3-BF4B-00C04F79EFBC}") = "MoneyManager.API", "MoneyManager.API\MoneyManager.API.csproj", "{EF7C2132-2F50-42AF-8D72-F1BD47B52FFF}"
EndProject
Global
	GlobalSection(SolutionConfigurationPlatforms) = preSolution
		Debug|Any CPU = Debug|Any CPU
		Release|Any CPU = Release|Any CPU
	EndGlobalSection
	GlobalSection(ProjectConfigurationPlatforms) = postSolution
		{B0010DF9-04BD-46E8-B0AC-6C6ED08303A0}.Debug|Any CPU.ActiveCfg = Debug|Any CPU
		{B0010DF9-04BD-46E8-B0AC-6C6ED08303A0}.Debug|Any CPU.Build.0 = Debug|Any CPU
		{B0010DF9-04BD-46E8-B0AC-6C6ED08303A0}.Debug|Any CPU.Deploy.0 = Debug|Any CPU
		{B0010DF9-04BD-46E8-B0AC-6C6ED08303A0}.Release|Any CPU.ActiveCfg = Release|Any CPU
		{B0010DF9-04BD-46E8-B0AC-6C6ED08303A0}.Release|Any CPU.Build.0 = Release|Any CPU
		{B0010DF9-04BD-46E8-B0AC-6C6ED08303A0}.Release|Any CPU.Deploy.0 = Release|Any CPU
		{0D11C4B9-9BCA-4BEB-8B59-D81DC5E2B4FB}.Debug|Any CPU.ActiveCfg = Debug|Any CPU
		{0D11C4B9-9BCA-4BEB-8B59-D81DC5E2B4FB}.Debug|Any CPU.Build.0 = Debug|Any CPU
		{0D11C4B9-9BCA-4BEB-8B59-D81DC5E2B4FB}.Release|Any CPU.ActiveCfg = Release|Any CPU
		{0D11C4B9-9BCA-4BEB-8B59-D81DC5E2B4FB}.Release|Any CPU.Build.0 = Release|Any CPU
		{1AB3847C-746B-4567-99D3-E4F2A1B6770C}.Debug|Any CPU.ActiveCfg = Debug|Any CPU
		{1AB3847C-746B-4567-99D3-E4F2A1B6770C}.Debug|Any CPU.Build.0 = Debug|Any CPU
		{1AB3847C-746B-4567-99D3-E4F2A1B6770C}.Release|Any CPU.ActiveCfg = Release|Any CPU
		{1AB3847C-746B-4567-99D3-E4F2A1B6770C}.Release|Any CPU.Build.0 = Release|Any CPU
		{7C0CFB32-B483-468F-B5A4-F004DC1B112B}.Debug|Any CPU.ActiveCfg = Debug|Any CPU
		{7C0CFB32-B483-468F-B5A4-F004DC1B112B}.Debug|Any CPU.Build.0 = Debug|Any CPU
		{7C0CFB32-B483-468F-B5A4-F004DC1B112B}.Release|Any CPU.ActiveCfg = Release|Any CPU
		{7C0CFB32-B483-468F-B5A4-F004DC1B112B}.Release|Any CPU.Build.0 = Release|Any CPU
		{D545C781-AE29-44A7-BE5A-6235FB9F441E}.Debug|Any CPU.ActiveCfg = Debug|Any CPU
		{D545C781-AE29-44A7-BE5A-6235FB9F441E}.Debug|Any CPU.Build.0 = Debug|Any CPU
		{D545C781-AE29-44A7-BE5A-6235FB9F441E}.Release|Any CPU.ActiveCfg = Release|Any CPU
		{D545C781-AE29-44A7-BE5A-6235FB9F441E}.Release|Any CPU.Build.0 = Release|Any CPU
		{582E53A1-79B2-4BDF-878D-DCA75BFE4297}.Debug|Any CPU.ActiveCfg = Debug|Any CPU
		{582E53A1-79B2-4BDF-878D-DCA75BFE4297}.Debug|Any CPU.Build.0 = Debug|Any CPU
		{582E53A1-79B2-4BDF-878D-DCA75BFE4297}.Release|Any CPU.ActiveCfg = Release|Any CPU
		{582E53A1-79B2-4BDF-878D-DCA75BFE4297}.Release|Any CPU.Build.0 = Release|Any CPU
		{EF7C2132-2F50-42AF-8D72-F1BD47B52FFF}.Debug|Any CPU.ActiveCfg = Debug|Any CPU
		{EF7C2132-2F50-42AF-8D72-F1BD47B52FFF}.Debug|Any CPU.Build.0 = Debug|Any CPU
		{EF7C2132-2F50-42AF-8D72-F1BD47B52FFF}.Release|Any CPU.ActiveCfg = Release|Any CPU
		{EF7C2132-2F50-42AF-8D72-F1BD47B52FFF}.Release|Any CPU.Build.0 = Release|Any CPU
	EndGlobalSection
	GlobalSection(SolutionProperties) = preSolution
		HideSolutionNode = FALSE
	EndGlobalSection
	GlobalSection(NestedProjects) = preSolution
		{B0010DF9-04BD-46E8-B0AC-6C6ED08303A0} = {C375A31F-3BF3-434B-925C-5FD1D48D0406}
		{89595F3D-F11A-486F-AFF4-7E89E2A3ACD0} = {C1E33E71-F23B-42DE-AE00-B9DFE1668088}
		{493DCEBE-1A94-4717-8A8D-45352307AEC3} = {89595F3D-F11A-486F-AFF4-7E89E2A3ACD0}
		{0D11C4B9-9BCA-4BEB-8B59-D81DC5E2B4FB} = {493DCEBE-1A94-4717-8A8D-45352307AEC3}
		{5D1D55BA-4ED1-4A02-AF2D-E4FA188D0D72} = {89595F3D-F11A-486F-AFF4-7E89E2A3ACD0}
		{1AB3847C-746B-4567-99D3-E4F2A1B6770C} = {5D1D55BA-4ED1-4A02-AF2D-E4FA188D0D72}
		{7C0CFB32-B483-468F-B5A4-F004DC1B112B} = {C1E33E71-F23B-42DE-AE00-B9DFE1668088}
		{C360ADC4-44FA-4DAC-990F-1A9944B21CB5} = {6D39FDBB-3665-42D5-922C-0A13937FA75D}
		{EA01E495-C038-495D-9E69-A7EF22FFA8F8} = {C360ADC4-44FA-4DAC-990F-1A9944B21CB5}
		{8AA9C5FE-48DE-46E5-838C-EFB49F3EA554} = {C360ADC4-44FA-4DAC-990F-1A9944B21CB5}
		{D545C781-AE29-44A7-BE5A-6235FB9F441E} = {EA01E495-C038-495D-9E69-A7EF22FFA8F8}
		{582E53A1-79B2-4BDF-878D-DCA75BFE4297} = {8AA9C5FE-48DE-46E5-838C-EFB49F3EA554}
		{EF7C2132-2F50-42AF-8D72-F1BD47B52FFF} = {6D39FDBB-3665-42D5-922C-0A13937FA75D}
	EndGlobalSection
	GlobalSection(ExtensibilityGlobals) = postSolution
		SolutionGuid = {7793CE2A-541A-459C-8A30-A6D3DF392593}
	EndGlobalSection
EndGlobal
